// !$*UTF8*$!
{
	archiveVersion = 1;
	classes = {
	};
	objectVersion = 55;
	objects = {

/* Begin PBXBuildFile section */
		0104B23827808AED00EFFF5C /* Tests_iOS.swift in Sources */ = {isa = PBXBuildFile; fileRef = 0104B23727808AED00EFFF5C /* Tests_iOS.swift */; };
		0104B23A27808AED00EFFF5C /* Tests_iOSLaunchTests.swift in Sources */ = {isa = PBXBuildFile; fileRef = 0104B23927808AED00EFFF5C /* Tests_iOSLaunchTests.swift */; };
		0104B24427808AED00EFFF5C /* Tests_macOS.swift in Sources */ = {isa = PBXBuildFile; fileRef = 0104B24327808AED00EFFF5C /* Tests_macOS.swift */; };
		0104B24627808AED00EFFF5C /* Tests_macOSLaunchTests.swift in Sources */ = {isa = PBXBuildFile; fileRef = 0104B24527808AED00EFFF5C /* Tests_macOSLaunchTests.swift */; };
		0104B24727808AED00EFFF5C /* hanako_iosApp.swift in Sources */ = {isa = PBXBuildFile; fileRef = 0104B21F27808AED00EFFF5C /* hanako_iosApp.swift */; };
		0104B24827808AED00EFFF5C /* hanako_iosApp.swift in Sources */ = {isa = PBXBuildFile; fileRef = 0104B21F27808AED00EFFF5C /* hanako_iosApp.swift */; };
		0104B24927808AED00EFFF5C /* ContentView.swift in Sources */ = {isa = PBXBuildFile; fileRef = 0104B22027808AED00EFFF5C /* ContentView.swift */; };
		0104B24A27808AED00EFFF5C /* ContentView.swift in Sources */ = {isa = PBXBuildFile; fileRef = 0104B22027808AED00EFFF5C /* ContentView.swift */; };
		0104B24B27808AED00EFFF5C /* Assets.xcassets in Resources */ = {isa = PBXBuildFile; fileRef = 0104B22127808AED00EFFF5C /* Assets.xcassets */; };
		0104B24C27808AED00EFFF5C /* Assets.xcassets in Resources */ = {isa = PBXBuildFile; fileRef = 0104B22127808AED00EFFF5C /* Assets.xcassets */; };
/* End PBXBuildFile section */

/* Begin PBXContainerItemProxy section */
		0104B23427808AED00EFFF5C /* PBXContainerItemProxy */ = {
			isa = PBXContainerItemProxy;
			containerPortal = 0104B21A27808AED00EFFF5C /* Project object */;
			proxyType = 1;
			remoteGlobalIDString = 0104B22527808AED00EFFF5C;
			remoteInfo = "hanako-ios (iOS)";
		};
		0104B24027808AED00EFFF5C /* PBXContainerItemProxy */ = {
			isa = PBXContainerItemProxy;
			containerPortal = 0104B21A27808AED00EFFF5C /* Project object */;
			proxyType = 1;
			remoteGlobalIDString = 0104B22B27808AED00EFFF5C;
			remoteInfo = "hanako-ios (macOS)";
		};
/* End PBXContainerItemProxy section */

/* Begin PBXFileReference section */
		0104B21F27808AED00EFFF5C /* hanako_iosApp.swift */ = {isa = PBXFileReference; lastKnownFileType = sourcecode.swift; path = hanako_iosApp.swift; sourceTree = "<group>"; };
		0104B22027808AED00EFFF5C /* ContentView.swift */ = {isa = PBXFileReference; lastKnownFileType = sourcecode.swift; path = ContentView.swift; sourceTree = "<group>"; };
		0104B22127808AED00EFFF5C /* Assets.xcassets */ = {isa = PBXFileReference; lastKnownFileType = folder.assetcatalog; path = Assets.xcassets; sourceTree = "<group>"; };
		0104B22627808AED00EFFF5C /* hanako-ios.app */ = {isa = PBXFileReference; explicitFileType = wrapper.application; includeInIndex = 0; path = "hanako-ios.app"; sourceTree = BUILT_PRODUCTS_DIR; };
		0104B22C27808AED00EFFF5C /* hanako-ios.app */ = {isa = PBXFileReference; explicitFileType = wrapper.application; includeInIndex = 0; path = "hanako-ios.app"; sourceTree = BUILT_PRODUCTS_DIR; };
		0104B22E27808AED00EFFF5C /* macOS.entitlements */ = {isa = PBXFileReference; lastKnownFileType = text.plist.entitlements; path = macOS.entitlements; sourceTree = "<group>"; };
		0104B23327808AED00EFFF5C /* Tests iOS.xctest */ = {isa = PBXFileReference; explicitFileType = wrapper.cfbundle; includeInIndex = 0; path = "Tests iOS.xctest"; sourceTree = BUILT_PRODUCTS_DIR; };
		0104B23727808AED00EFFF5C /* Tests_iOS.swift */ = {isa = PBXFileReference; lastKnownFileType = sourcecode.swift; path = Tests_iOS.swift; sourceTree = "<group>"; };
		0104B23927808AED00EFFF5C /* Tests_iOSLaunchTests.swift */ = {isa = PBXFileReference; lastKnownFileType = sourcecode.swift; path = Tests_iOSLaunchTests.swift; sourceTree = "<group>"; };
		0104B23F27808AED00EFFF5C /* Tests macOS.xctest */ = {isa = PBXFileReference; explicitFileType = wrapper.cfbundle; includeInIndex = 0; path = "Tests macOS.xctest"; sourceTree = BUILT_PRODUCTS_DIR; };
		0104B24327808AED00EFFF5C /* Tests_macOS.swift */ = {isa = PBXFileReference; lastKnownFileType = sourcecode.swift; path = Tests_macOS.swift; sourceTree = "<group>"; };
		0104B24527808AED00EFFF5C /* Tests_macOSLaunchTests.swift */ = {isa = PBXFileReference; lastKnownFileType = sourcecode.swift; path = Tests_macOSLaunchTests.swift; sourceTree = "<group>"; };
/* End PBXFileReference section */

/* Begin PBXFrameworksBuildPhase section */
		0104B22327808AED00EFFF5C /* Frameworks */ = {
			isa = PBXFrameworksBuildPhase;
			buildActionMask = 2147483647;
			files = (
			);
			runOnlyForDeploymentPostprocessing = 0;
		};
		0104B22927808AED00EFFF5C /* Frameworks */ = {
			isa = PBXFrameworksBuildPhase;
			buildActionMask = 2147483647;
			files = (
			);
			runOnlyForDeploymentPostprocessing = 0;
		};
		0104B23027808AED00EFFF5C /* Frameworks */ = {
			isa = PBXFrameworksBuildPhase;
			buildActionMask = 2147483647;
			files = (
			);
			runOnlyForDeploymentPostprocessing = 0;
		};
		0104B23C27808AED00EFFF5C /* Frameworks */ = {
			isa = PBXFrameworksBuildPhase;
			buildActionMask = 2147483647;
			files = (
			);
			runOnlyForDeploymentPostprocessing = 0;
		};
/* End PBXFrameworksBuildPhase section */

/* Begin PBXGroup section */
		0104B21927808AED00EFFF5C = {
			isa = PBXGroup;
			children = (
				0104B21E27808AED00EFFF5C /* Shared */,
				0104B22D27808AED00EFFF5C /* macOS */,
				0104B23627808AED00EFFF5C /* Tests iOS */,
				0104B24227808AED00EFFF5C /* Tests macOS */,
				0104B22727808AED00EFFF5C /* Products */,
			);
			sourceTree = "<group>";
		};
		0104B21E27808AED00EFFF5C /* Shared */ = {
			isa = PBXGroup;
			children = (
				0104B21F27808AED00EFFF5C /* hanako_iosApp.swift */,
				0104B22027808AED00EFFF5C /* ContentView.swift */,
				0104B22127808AED00EFFF5C /* Assets.xcassets */,
			);
			path = Shared;
			sourceTree = "<group>";
		};
		0104B22727808AED00EFFF5C /* Products */ = {
			isa = PBXGroup;
			children = (
				0104B22627808AED00EFFF5C /* hanako-ios.app */,
				0104B22C27808AED00EFFF5C /* hanako-ios.app */,
				0104B23327808AED00EFFF5C /* Tests iOS.xctest */,
				0104B23F27808AED00EFFF5C /* Tests macOS.xctest */,
			);
			name = Products;
			sourceTree = "<group>";
		};
		0104B22D27808AED00EFFF5C /* macOS */ = {
			isa = PBXGroup;
			children = (
				0104B22E27808AED00EFFF5C /* macOS.entitlements */,
			);
			path = macOS;
			sourceTree = "<group>";
		};
		0104B23627808AED00EFFF5C /* Tests iOS */ = {
			isa = PBXGroup;
			children = (
				0104B23727808AED00EFFF5C /* Tests_iOS.swift */,
				0104B23927808AED00EFFF5C /* Tests_iOSLaunchTests.swift */,
			);
			path = "Tests iOS";
			sourceTree = "<group>";
		};
		0104B24227808AED00EFFF5C /* Tests macOS */ = {
			isa = PBXGroup;
			children = (
				0104B24327808AED00EFFF5C /* Tests_macOS.swift */,
				0104B24527808AED00EFFF5C /* Tests_macOSLaunchTests.swift */,
			);
			path = "Tests macOS";
			sourceTree = "<group>";
		};
/* End PBXGroup section */

/* Begin PBXNativeTarget section */
		0104B22527808AED00EFFF5C /* hanako-ios (iOS) */ = {
			isa = PBXNativeTarget;
			buildConfigurationList = 0104B24F27808AED00EFFF5C /* Build configuration list for PBXNativeTarget "hanako-ios (iOS)" */;
			buildPhases = (
				0104B22227808AED00EFFF5C /* Sources */,
				0104B22327808AED00EFFF5C /* Frameworks */,
				0104B22427808AED00EFFF5C /* Resources */,
			);
			buildRules = (
			);
			dependencies = (
			);
			name = "hanako-ios (iOS)";
			productName = "hanako-ios (iOS)";
			productReference = 0104B22627808AED00EFFF5C /* hanako-ios.app */;
			productType = "com.apple.product-type.application";
		};
		0104B22B27808AED00EFFF5C /* hanako-ios (macOS) */ = {
			isa = PBXNativeTarget;
			buildConfigurationList = 0104B25227808AED00EFFF5C /* Build configuration list for PBXNativeTarget "hanako-ios (macOS)" */;
			buildPhases = (
				0104B22827808AED00EFFF5C /* Sources */,
				0104B22927808AED00EFFF5C /* Frameworks */,
				0104B22A27808AED00EFFF5C /* Resources */,
			);
			buildRules = (
			);
			dependencies = (
			);
			name = "hanako-ios (macOS)";
			productName = "hanako-ios (macOS)";
			productReference = 0104B22C27808AED00EFFF5C /* hanako-ios.app */;
			productType = "com.apple.product-type.application";
		};
		0104B23227808AED00EFFF5C /* Tests iOS */ = {
			isa = PBXNativeTarget;
			buildConfigurationList = 0104B25527808AED00EFFF5C /* Build configuration list for PBXNativeTarget "Tests iOS" */;
			buildPhases = (
				0104B22F27808AED00EFFF5C /* Sources */,
				0104B23027808AED00EFFF5C /* Frameworks */,
				0104B23127808AED00EFFF5C /* Resources */,
			);
			buildRules = (
			);
			dependencies = (
				0104B23527808AED00EFFF5C /* PBXTargetDependency */,
			);
			name = "Tests iOS";
			productName = "Tests iOS";
			productReference = 0104B23327808AED00EFFF5C /* Tests iOS.xctest */;
			productType = "com.apple.product-type.bundle.ui-testing";
		};
		0104B23E27808AED00EFFF5C /* Tests macOS */ = {
			isa = PBXNativeTarget;
			buildConfigurationList = 0104B25827808AED00EFFF5C /* Build configuration list for PBXNativeTarget "Tests macOS" */;
			buildPhases = (
				0104B23B27808AED00EFFF5C /* Sources */,
				0104B23C27808AED00EFFF5C /* Frameworks */,
				0104B23D27808AED00EFFF5C /* Resources */,
			);
			buildRules = (
			);
			dependencies = (
				0104B24127808AED00EFFF5C /* PBXTargetDependency */,
			);
			name = "Tests macOS";
			productName = "Tests macOS";
			productReference = 0104B23F27808AED00EFFF5C /* Tests macOS.xctest */;
			productType = "com.apple.product-type.bundle.ui-testing";
		};
/* End PBXNativeTarget section */

/* Begin PBXProject section */
		0104B21A27808AED00EFFF5C /* Project object */ = {
			isa = PBXProject;
			attributes = {
				BuildIndependentTargetsInParallel = 1;
				LastSwiftUpdateCheck = 1320;
				LastUpgradeCheck = 1320;
				TargetAttributes = {
					0104B22527808AED00EFFF5C = {
						CreatedOnToolsVersion = 13.2.1;
					};
					0104B22B27808AED00EFFF5C = {
						CreatedOnToolsVersion = 13.2.1;
					};
					0104B23227808AED00EFFF5C = {
						CreatedOnToolsVersion = 13.2.1;
						TestTargetID = 0104B22527808AED00EFFF5C;
					};
					0104B23E27808AED00EFFF5C = {
						CreatedOnToolsVersion = 13.2.1;
						TestTargetID = 0104B22B27808AED00EFFF5C;
					};
				};
			};
			buildConfigurationList = 0104B21D27808AED00EFFF5C /* Build configuration list for PBXProject "hanako-ios" */;
			compatibilityVersion = "Xcode 13.0";
			developmentRegion = en;
			hasScannedForEncodings = 0;
			knownRegions = (
				en,
				Base,
			);
			mainGroup = 0104B21927808AED00EFFF5C;
			productRefGroup = 0104B22727808AED00EFFF5C /* Products */;
			projectDirPath = "";
			projectRoot = "";
			targets = (
				0104B22527808AED00EFFF5C /* hanako-ios (iOS) */,
				0104B22B27808AED00EFFF5C /* hanako-ios (macOS) */,
				0104B23227808AED00EFFF5C /* Tests iOS */,
				0104B23E27808AED00EFFF5C /* Tests macOS */,
			);
		};
/* End PBXProject section */

/* Begin PBXResourcesBuildPhase section */
		0104B22427808AED00EFFF5C /* Resources */ = {
			isa = PBXResourcesBuildPhase;
			buildActionMask = 2147483647;
			files = (
				0104B24B27808AED00EFFF5C /* Assets.xcassets in Resources */,
			);
			runOnlyForDeploymentPostprocessing = 0;
		};
		0104B22A27808AED00EFFF5C /* Resources */ = {
			isa = PBXResourcesBuildPhase;
			buildActionMask = 2147483647;
			files = (
				0104B24C27808AED00EFFF5C /* Assets.xcassets in Resources */,
			);
			runOnlyForDeploymentPostprocessing = 0;
		};
		0104B23127808AED00EFFF5C /* Resources */ = {
			isa = PBXResourcesBuildPhase;
			buildActionMask = 2147483647;
			files = (
			);
			runOnlyForDeploymentPostprocessing = 0;
		};
		0104B23D27808AED00EFFF5C /* Resources */ = {
			isa = PBXResourcesBuildPhase;
			buildActionMask = 2147483647;
			files = (
			);
			runOnlyForDeploymentPostprocessing = 0;
		};
/* End PBXResourcesBuildPhase section */

/* Begin PBXSourcesBuildPhase section */
		0104B22227808AED00EFFF5C /* Sources */ = {
			isa = PBXSourcesBuildPhase;
			buildActionMask = 2147483647;
			files = (
				0104B24927808AED00EFFF5C /* ContentView.swift in Sources */,
				0104B24727808AED00EFFF5C /* hanako_iosApp.swift in Sources */,
			);
			runOnlyForDeploymentPostprocessing = 0;
		};
		0104B22827808AED00EFFF5C /* Sources */ = {
			isa = PBXSourcesBuildPhase;
			buildActionMask = 2147483647;
			files = (
				0104B24A27808AED00EFFF5C /* ContentView.swift in Sources */,
				0104B24827808AED00EFFF5C /* hanako_iosApp.swift in Sources */,
			);
			runOnlyForDeploymentPostprocessing = 0;
		};
		0104B22F27808AED00EFFF5C /* Sources */ = {
			isa = PBXSourcesBuildPhase;
			buildActionMask = 2147483647;
			files = (
				0104B23A27808AED00EFFF5C /* Tests_iOSLaunchTests.swift in Sources */,
				0104B23827808AED00EFFF5C /* Tests_iOS.swift in Sources */,
			);
			runOnlyForDeploymentPostprocessing = 0;
		};
		0104B23B27808AED00EFFF5C /* Sources */ = {
			isa = PBXSourcesBuildPhase;
			buildActionMask = 2147483647;
			files = (
				0104B24627808AED00EFFF5C /* Tests_macOSLaunchTests.swift in Sources */,
				0104B24427808AED00EFFF5C /* Tests_macOS.swift in Sources */,
			);
			runOnlyForDeploymentPostprocessing = 0;
		};
/* End PBXSourcesBuildPhase section */

/* Begin PBXTargetDependency section */
		0104B23527808AED00EFFF5C /* PBXTargetDependency */ = {
			isa = PBXTargetDependency;
			target = 0104B22527808AED00EFFF5C /* hanako-ios (iOS) */;
			targetProxy = 0104B23427808AED00EFFF5C /* PBXContainerItemProxy */;
		};
		0104B24127808AED00EFFF5C /* PBXTargetDependency */ = {
			isa = PBXTargetDependency;
			target = 0104B22B27808AED00EFFF5C /* hanako-ios (macOS) */;
			targetProxy = 0104B24027808AED00EFFF5C /* PBXContainerItemProxy */;
		};
/* End PBXTargetDependency section */

/* Begin XCBuildConfiguration section */
		0104B24D27808AED00EFFF5C /* Debug */ = {
			isa = XCBuildConfiguration;
			buildSettings = {
				ALWAYS_SEARCH_USER_PATHS = NO;
				CLANG_ANALYZER_NONNULL = YES;
				CLANG_ANALYZER_NUMBER_OBJECT_CONVERSION = YES_AGGRESSIVE;
				CLANG_CXX_LANGUAGE_STANDARD = "gnu++17";
				CLANG_CXX_LIBRARY = "libc++";
				CLANG_ENABLE_MODULES = YES;
				CLANG_ENABLE_OBJC_ARC = YES;
				CLANG_ENABLE_OBJC_WEAK = YES;
				CLANG_WARN_BLOCK_CAPTURE_AUTORELEASING = YES;
				CLANG_WARN_BOOL_CONVERSION = YES;
				CLANG_WARN_COMMA = YES;
				CLANG_WARN_CONSTANT_CONVERSION = YES;
				CLANG_WARN_DEPRECATED_OBJC_IMPLEMENTATIONS = YES;
				CLANG_WARN_DIRECT_OBJC_ISA_USAGE = YES_ERROR;
				CLANG_WARN_DOCUMENTATION_COMMENTS = YES;
				CLANG_WARN_EMPTY_BODY = YES;
				CLANG_WARN_ENUM_CONVERSION = YES;
				CLANG_WARN_INFINITE_RECURSION = YES;
				CLANG_WARN_INT_CONVERSION = YES;
				CLANG_WARN_NON_LITERAL_NULL_CONVERSION = YES;
				CLANG_WARN_OBJC_IMPLICIT_RETAIN_SELF = YES;
				CLANG_WARN_OBJC_LITERAL_CONVERSION = YES;
				CLANG_WARN_OBJC_ROOT_CLASS = YES_ERROR;
				CLANG_WARN_QUOTED_INCLUDE_IN_FRAMEWORK_HEADER = YES;
				CLANG_WARN_RANGE_LOOP_ANALYSIS = YES;
				CLANG_WARN_STRICT_PROTOTYPES = YES;
				CLANG_WARN_SUSPICIOUS_MOVE = YES;
				CLANG_WARN_UNGUARDED_AVAILABILITY = YES_AGGRESSIVE;
				CLANG_WARN_UNREACHABLE_CODE = YES;
				CLANG_WARN__DUPLICATE_METHOD_MATCH = YES;
				COPY_PHASE_STRIP = NO;
				DEBUG_INFORMATION_FORMAT = dwarf;
				ENABLE_STRICT_OBJC_MSGSEND = YES;
				ENABLE_TESTABILITY = YES;
				GCC_C_LANGUAGE_STANDARD = gnu11;
				GCC_DYNAMIC_NO_PIC = NO;
				GCC_NO_COMMON_BLOCKS = YES;
				GCC_OPTIMIZATION_LEVEL = 0;
				GCC_PREPROCESSOR_DEFINITIONS = (
					"DEBUG=1",
					"$(inherited)",
				);
				GCC_WARN_64_TO_32_BIT_CONVERSION = YES;
				GCC_WARN_ABOUT_RETURN_TYPE = YES_ERROR;
				GCC_WARN_UNDECLARED_SELECTOR = YES;
				GCC_WARN_UNINITIALIZED_AUTOS = YES_AGGRESSIVE;
				GCC_WARN_UNUSED_FUNCTION = YES;
				GCC_WARN_UNUSED_VARIABLE = YES;
				MTL_ENABLE_DEBUG_INFO = INCLUDE_SOURCE;
				MTL_FAST_MATH = YES;
				ONLY_ACTIVE_ARCH = YES;
				SWIFT_ACTIVE_COMPILATION_CONDITIONS = DEBUG;
				SWIFT_OPTIMIZATION_LEVEL = "-Onone";
			};
			name = Debug;
		};
		0104B24E27808AED00EFFF5C /* Release */ = {
			isa = XCBuildConfiguration;
			buildSettings = {
				ALWAYS_SEARCH_USER_PATHS = NO;
				CLANG_ANALYZER_NONNULL = YES;
				CLANG_ANALYZER_NUMBER_OBJECT_CONVERSION = YES_AGGRESSIVE;
				CLANG_CXX_LANGUAGE_STANDARD = "gnu++17";
				CLANG_CXX_LIBRARY = "libc++";
				CLANG_ENABLE_MODULES = YES;
				CLANG_ENABLE_OBJC_ARC = YES;
				CLANG_ENABLE_OBJC_WEAK = YES;
				CLANG_WARN_BLOCK_CAPTURE_AUTORELEASING = YES;
				CLANG_WARN_BOOL_CONVERSION = YES;
				CLANG_WARN_COMMA = YES;
				CLANG_WARN_CONSTANT_CONVERSION = YES;
				CLANG_WARN_DEPRECATED_OBJC_IMPLEMENTATIONS = YES;
				CLANG_WARN_DIRECT_OBJC_ISA_USAGE = YES_ERROR;
				CLANG_WARN_DOCUMENTATION_COMMENTS = YES;
				CLANG_WARN_EMPTY_BODY = YES;
				CLANG_WARN_ENUM_CONVERSION = YES;
				CLANG_WARN_INFINITE_RECURSION = YES;
				CLANG_WARN_INT_CONVERSION = YES;
				CLANG_WARN_NON_LITERAL_NULL_CONVERSION = YES;
				CLANG_WARN_OBJC_IMPLICIT_RETAIN_SELF = YES;
				CLANG_WARN_OBJC_LITERAL_CONVERSION = YES;
				CLANG_WARN_OBJC_ROOT_CLASS = YES_ERROR;
				CLANG_WARN_QUOTED_INCLUDE_IN_FRAMEWORK_HEADER = YES;
				CLANG_WARN_RANGE_LOOP_ANALYSIS = YES;
				CLANG_WARN_STRICT_PROTOTYPES = YES;
				CLANG_WARN_SUSPICIOUS_MOVE = YES;
				CLANG_WARN_UNGUARDED_AVAILABILITY = YES_AGGRESSIVE;
				CLANG_WARN_UNREACHABLE_CODE = YES;
				CLANG_WARN__DUPLICATE_METHOD_MATCH = YES;
				COPY_PHASE_STRIP = NO;
				DEBUG_INFORMATION_FORMAT = "dwarf-with-dsym";
				ENABLE_NS_ASSERTIONS = NO;
				ENABLE_STRICT_OBJC_MSGSEND = YES;
				GCC_C_LANGUAGE_STANDARD = gnu11;
				GCC_NO_COMMON_BLOCKS = YES;
				GCC_WARN_64_TO_32_BIT_CONVERSION = YES;
				GCC_WARN_ABOUT_RETURN_TYPE = YES_ERROR;
				GCC_WARN_UNDECLARED_SELECTOR = YES;
				GCC_WARN_UNINITIALIZED_AUTOS = YES_AGGRESSIVE;
				GCC_WARN_UNUSED_FUNCTION = YES;
				GCC_WARN_UNUSED_VARIABLE = YES;
				MTL_ENABLE_DEBUG_INFO = NO;
				MTL_FAST_MATH = YES;
				SWIFT_COMPILATION_MODE = wholemodule;
				SWIFT_OPTIMIZATION_LEVEL = "-O";
			};
			name = Release;
		};
		0104B25027808AED00EFFF5C /* Debug */ = {
			isa = XCBuildConfiguration;
			buildSettings = {
				ASSETCATALOG_COMPILER_APPICON_NAME = AppIcon;
				ASSETCATALOG_COMPILER_GLOBAL_ACCENT_COLOR_NAME = AccentColor;
				CODE_SIGN_STYLE = Automatic;
				CURRENT_PROJECT_VERSION = 1;
				ENABLE_PREVIEWS = YES;
				GENERATE_INFOPLIST_FILE = YES;
				INFOPLIST_KEY_UIApplicationSceneManifest_Generation = YES;
				INFOPLIST_KEY_UIApplicationSupportsIndirectInputEvents = YES;
				INFOPLIST_KEY_UILaunchScreen_Generation = YES;
				INFOPLIST_KEY_UISupportedInterfaceOrientations_iPad = "UIInterfaceOrientationPortrait UIInterfaceOrientationPortraitUpsideDown UIInterfaceOrientationLandscapeLeft UIInterfaceOrientationLandscapeRight";
				INFOPLIST_KEY_UISupportedInterfaceOrientations_iPhone = "UIInterfaceOrientationPortrait UIInterfaceOrientationLandscapeLeft UIInterfaceOrientationLandscapeRight";
				IPHONEOS_DEPLOYMENT_TARGET = 15.2;
				LD_RUNPATH_SEARCH_PATHS = (
					"$(inherited)",
					"@executable_path/Frameworks",
				);
				MARKETING_VERSION = 1.0;
				PRODUCT_BUNDLE_IDENTIFIER = "com.nelforzo.hanako-ios";
				PRODUCT_NAME = "hanako-ios";
				SDKROOT = iphoneos;
				SWIFT_EMIT_LOC_STRINGS = YES;
				SWIFT_VERSION = 5.0;
				TARGETED_DEVICE_FAMILY = "1,2";
			};
			name = Debug;
		};
		0104B25127808AED00EFFF5C /* Release */ = {
			isa = XCBuildConfiguration;
			buildSettings = {
				ASSETCATALOG_COMPILER_APPICON_NAME = AppIcon;
				ASSETCATALOG_COMPILER_GLOBAL_ACCENT_COLOR_NAME = AccentColor;
				CODE_SIGN_STYLE = Automatic;
				CURRENT_PROJECT_VERSION = 1;
				ENABLE_PREVIEWS = YES;
				GENERATE_INFOPLIST_FILE = YES;
				INFOPLIST_KEY_UIApplicationSceneManifest_Generation = YES;
				INFOPLIST_KEY_UIApplicationSupportsIndirectInputEvents = YES;
				INFOPLIST_KEY_UILaunchScreen_Generation = YES;
				INFOPLIST_KEY_UISupportedInterfaceOrientations_iPad = "UIInterfaceOrientationPortrait UIInterfaceOrientationPortraitUpsideDown UIInterfaceOrientationLandscapeLeft UIInterfaceOrientationLandscapeRight";
				INFOPLIST_KEY_UISupportedInterfaceOrientations_iPhone = "UIInterfaceOrientationPortrait UIInterfaceOrientationLandscapeLeft UIInterfaceOrientationLandscapeRight";
				IPHONEOS_DEPLOYMENT_TARGET = 15.2;
				LD_RUNPATH_SEARCH_PATHS = (
					"$(inherited)",
					"@executable_path/Frameworks",
				);
				MARKETING_VERSION = 1.0;
				PRODUCT_BUNDLE_IDENTIFIER = "com.nelforzo.hanako-ios";
				PRODUCT_NAME = "hanako-ios";
				SDKROOT = iphoneos;
				SWIFT_EMIT_LOC_STRINGS = YES;
				SWIFT_VERSION = 5.0;
				TARGETED_DEVICE_FAMILY = "1,2";
				VALIDATE_PRODUCT = YES;
			};
			name = Release;
		};
		0104B25327808AED00EFFF5C /* Debug */ = {
			isa = XCBuildConfiguration;
			buildSettings = {
				ASSETCATALOG_COMPILER_APPICON_NAME = AppIcon;
				ASSETCATALOG_COMPILER_GLOBAL_ACCENT_COLOR_NAME = AccentColor;
				CODE_SIGN_ENTITLEMENTS = macOS/macOS.entitlements;
				CODE_SIGN_STYLE = Automatic;
				COMBINE_HIDPI_IMAGES = YES;
				CURRENT_PROJECT_VERSION = 1;
				ENABLE_PREVIEWS = YES;
				GENERATE_INFOPLIST_FILE = YES;
				INFOPLIST_KEY_NSHumanReadableCopyright = "";
				LD_RUNPATH_SEARCH_PATHS = (
					"$(inherited)",
					"@executable_path/../Frameworks",
				);
				MACOSX_DEPLOYMENT_TARGET = 12.1;
				MARKETING_VERSION = 1.0;
				PRODUCT_BUNDLE_IDENTIFIER = "com.nelforzo.hanako-ios";
				PRODUCT_NAME = "hanako-ios";
				SDKROOT = macosx;
				SWIFT_EMIT_LOC_STRINGS = YES;
				SWIFT_VERSION = 5.0;
			};
			name = Debug;
		};
		0104B25427808AED00EFFF5C /* Release */ = {
			isa = XCBuildConfiguration;
			buildSettings = {
				ASSETCATALOG_COMPILER_APPICON_NAME = AppIcon;
				ASSETCATALOG_COMPILER_GLOBAL_ACCENT_COLOR_NAME = AccentColor;
				CODE_SIGN_ENTITLEMENTS = macOS/macOS.entitlements;
				CODE_SIGN_STYLE = Automatic;
				COMBINE_HIDPI_IMAGES = YES;
				CURRENT_PROJECT_VERSION = 1;
				ENABLE_PREVIEWS = YES;
				GENERATE_INFOPLIST_FILE = YES;
				INFOPLIST_KEY_NSHumanReadableCopyright = "";
				LD_RUNPATH_SEARCH_PATHS = (
					"$(inherited)",
					"@executable_path/../Frameworks",
				);
				MACOSX_DEPLOYMENT_TARGET = 12.1;
				MARKETING_VERSION = 1.0;
				PRODUCT_BUNDLE_IDENTIFIER = "com.nelforzo.hanako-ios";
				PRODUCT_NAME = "hanako-ios";
				SDKROOT = macosx;
				SWIFT_EMIT_LOC_STRINGS = YES;
				SWIFT_VERSION = 5.0;
			};
			name = Release;
		};
		0104B25627808AED00EFFF5C /* Debug */ = {
			isa = XCBuildConfiguration;
			buildSettings = {
				ALWAYS_EMBED_SWIFT_STANDARD_LIBRARIES = YES;
				CODE_SIGN_STYLE = Automatic;
				CURRENT_PROJECT_VERSION = 1;
				GENERATE_INFOPLIST_FILE = YES;
				IPHONEOS_DEPLOYMENT_TARGET = 15.2;
				MARKETING_VERSION = 1.0;
				PRODUCT_BUNDLE_IDENTIFIER = "com.nelforzo.Tests-iOS";
				PRODUCT_NAME = "$(TARGET_NAME)";
				SDKROOT = iphoneos;
				SWIFT_EMIT_LOC_STRINGS = NO;
				SWIFT_VERSION = 5.0;
				TARGETED_DEVICE_FAMILY = "1,2";
				TEST_TARGET_NAME = "hanako-ios (iOS)";
			};
			name = Debug;
		};
		0104B25727808AED00EFFF5C /* Release */ = {
			isa = XCBuildConfiguration;
			buildSettings = {
				ALWAYS_EMBED_SWIFT_STANDARD_LIBRARIES = YES;
				CODE_SIGN_STYLE = Automatic;
				CURRENT_PROJECT_VERSION = 1;
				GENERATE_INFOPLIST_FILE = YES;
				IPHONEOS_DEPLOYMENT_TARGET = 15.2;
				MARKETING_VERSION = 1.0;
				PRODUCT_BUNDLE_IDENTIFIER = "com.nelforzo.Tests-iOS";
				PRODUCT_NAME = "$(TARGET_NAME)";
				SDKROOT = iphoneos;
				SWIFT_EMIT_LOC_STRINGS = NO;
				SWIFT_VERSION = 5.0;
				TARGETED_DEVICE_FAMILY = "1,2";
				TEST_TARGET_NAME = "hanako-ios (iOS)";
				VALIDATE_PRODUCT = YES;
			};
			name = Release;
		};
		0104B25927808AED00EFFF5C /* Debug */ = {
			isa = XCBuildConfiguration;
			buildSettings = {
				ALWAYS_EMBED_SWIFT_STANDARD_LIBRARIES = YES;
				CODE_SIGN_STYLE = Automatic;
				CURRENT_PROJECT_VERSION = 1;
				GENERATE_INFOPLIST_FILE = YES;
				MACOSX_DEPLOYMENT_TARGET = 12.1;
				MARKETING_VERSION = 1.0;
				PRODUCT_BUNDLE_IDENTIFIER = "com.nelforzo.Tests-macOS";
				PRODUCT_NAME = "$(TARGET_NAME)";
				SDKROOT = macosx;
				SWIFT_EMIT_LOC_STRINGS = NO;
				SWIFT_VERSION = 5.0;
				TEST_TARGET_NAME = "hanako-ios (macOS)";
			};
			name = Debug;
		};
		0104B25A27808AED00EFFF5C /* Release */ = {
			isa = XCBuildConfiguration;
			buildSettings = {
				ALWAYS_EMBED_SWIFT_STANDARD_LIBRARIES = YES;
				CODE_SIGN_STYLE = Automatic;
				CURRENT_PROJECT_VERSION = 1;
				GENERATE_INFOPLIST_FILE = YES;
				MACOSX_DEPLOYMENT_TARGET = 12.1;
				MARKETING_VERSION = 1.0;
				PRODUCT_BUNDLE_IDENTIFIER = "com.nelforzo.Tests-macOS";
				PRODUCT_NAME = "$(TARGET_NAME)";
				SDKROOT = macosx;
				SWIFT_EMIT_LOC_STRINGS = NO;
				SWIFT_VERSION = 5.0;
				TEST_TARGET_NAME = "hanako-ios (macOS)";
			};
			name = Release;
		};
/* End XCBuildConfiguration section */

/* Begin XCConfigurationList section */
		0104B21D27808AED00EFFF5C /* Build configuration list for PBXProject "hanako-ios" */ = {
			isa = XCConfigurationList;
			buildConfigurations = (
				0104B24D27808AED00EFFF5C /* Debug */,
				0104B24E27808AED00EFFF5C /* Release */,
			);
			defaultConfigurationIsVisible = 0;
			defaultConfigurationName = Release;
		};
		0104B24F27808AED00EFFF5C /* Build configuration list for PBXNativeTarget "hanako-ios (iOS)" */ = {
			isa = XCConfigurationList;
			buildConfigurations = (
				0104B25027808AED00EFFF5C /* Debug */,
				0104B25127808AED00EFFF5C /* Release */,
			);
			defaultConfigurationIsVisible = 0;
			defaultConfigurationName = Release;
		};
		0104B25227808AED00EFFF5C /* Build configuration list for PBXNativeTarget "hanako-ios (macOS)" */ = {
			isa = XCConfigurationList;
			buildConfigurations = (
				0104B25327808AED00EFFF5C /* Debug */,
				0104B25427808AED00EFFF5C /* Release */,
			);
			defaultConfigurationIsVisible = 0;
			defaultConfigurationName = Release;
		};
		0104B25527808AED00EFFF5C /* Build configuration list for PBXNativeTarget "Tests iOS" */ = {
			isa = XCConfigurationList;
			buildConfigurations = (
				0104B25627808AED00EFFF5C /* Debug */,
				0104B25727808AED00EFFF5C /* Release */,
			);
			defaultConfigurationIsVisible = 0;
			defaultConfigurationName = Release;
		};
		0104B25827808AED00EFFF5C /* Build configuration list for PBXNativeTarget "Tests macOS" */ = {
			isa = XCConfigurationList;
			buildConfigurations = (
				0104B25927808AED00EFFF5C /* Debug */,
				0104B25A27808AED00EFFF5C /* Release */,
			);
			defaultConfigurationIsVisible = 0;
			defaultConfigurationName = Release;
		};
/* End XCConfigurationList section */
	};
	rootObject = 0104B21A27808AED00EFFF5C /* Project object */;
}
